// !$*UTF8*$!
{
	archiveVersion = 1;
	classes = {
	};
	objectVersion = 55;
	objects = {

/* Begin PBXBuildFile section */
		67F20C372793077A00302D1B /* MovieApp.swift in Sources */ = {isa = PBXBuildFile; fileRef = 67F20C362793077A00302D1B /* MovieApp.swift */; };
		67F20C392793077A00302D1B /* ContentView.swift in Sources */ = {isa = PBXBuildFile; fileRef = 67F20C382793077A00302D1B /* ContentView.swift */; };
		67F20C3B2793077C00302D1B /* Assets.xcassets in Resources */ = {isa = PBXBuildFile; fileRef = 67F20C3A2793077C00302D1B /* Assets.xcassets */; };
		67F20C3E2793077C00302D1B /* Preview Assets.xcassets in Resources */ = {isa = PBXBuildFile; fileRef = 67F20C3D2793077C00302D1B /* Preview Assets.xcassets */; };
		67F20C482793077D00302D1B /* MovieTests.swift in Sources */ = {isa = PBXBuildFile; fileRef = 67F20C472793077D00302D1B /* MovieTests.swift */; };
		67F20C522793077D00302D1B /* MovieUITests.swift in Sources */ = {isa = PBXBuildFile; fileRef = 67F20C512793077D00302D1B /* MovieUITests.swift */; };
		67F20C542793077D00302D1B /* MovieUITestsLaunchTests.swift in Sources */ = {isa = PBXBuildFile; fileRef = 67F20C532793077D00302D1B /* MovieUITestsLaunchTests.swift */; };
		67F20C612793091700302D1B /* MovieListView.swift in Sources */ = {isa = PBXBuildFile; fileRef = 67F20C602793091700302D1B /* MovieListView.swift */; };
		67F20C642793098200302D1B /* MovieListViewModel.swift in Sources */ = {isa = PBXBuildFile; fileRef = 67F20C632793098200302D1B /* MovieListViewModel.swift */; };
		67F20C66279309BD00302D1B /* APIRequest.swift in Sources */ = {isa = PBXBuildFile; fileRef = 67F20C65279309BD00302D1B /* APIRequest.swift */; };
		67F20C68279309CA00302D1B /* Movie.swift in Sources */ = {isa = PBXBuildFile; fileRef = 67F20C67279309CA00302D1B /* Movie.swift */; };
		67F20C6C27930A1600302D1B /* MovieRow.swift in Sources */ = {isa = PBXBuildFile; fileRef = 67F20C6B27930A1600302D1B /* MovieRow.swift */; };
		67F20C6E27930A2F00302D1B /* MovieItem.swift in Sources */ = {isa = PBXBuildFile; fileRef = 67F20C6D27930A2F00302D1B /* MovieItem.swift */; };
		67F20C8A2793505700302D1B /* Icon-App-20x20@1x.png in Resources */ = {isa = PBXBuildFile; fileRef = 67F20C7B2793505500302D1B /* Icon-App-20x20@1x.png */; };
		67F20C8B2793505700302D1B /* Icon-App-76x76@1x.png in Resources */ = {isa = PBXBuildFile; fileRef = 67F20C7C2793505500302D1B /* Icon-App-76x76@1x.png */; };
		67F20C8C2793505700302D1B /* Icon-App-29x29@1x.png in Resources */ = {isa = PBXBuildFile; fileRef = 67F20C7D2793505500302D1B /* Icon-App-29x29@1x.png */; };
		67F20C8D2793505700302D1B /* Icon-App-20x20@2x.png in Resources */ = {isa = PBXBuildFile; fileRef = 67F20C7E2793505500302D1B /* Icon-App-20x20@2x.png */; };
		67F20C8E2793505700302D1B /* Icon-App-40x40@2x.png in Resources */ = {isa = PBXBuildFile; fileRef = 67F20C7F2793505500302D1B /* Icon-App-40x40@2x.png */; };
		67F20C8F2793505700302D1B /* Icon-App-29x29@3x.png in Resources */ = {isa = PBXBuildFile; fileRef = 67F20C802793505600302D1B /* Icon-App-29x29@3x.png */; };
		67F20C902793505700302D1B /* Icon-App-60x60@2x.png in Resources */ = {isa = PBXBuildFile; fileRef = 67F20C812793505600302D1B /* Icon-App-60x60@2x.png */; };
		67F20C912793505700302D1B /* Icon-App-29x29@2x.png in Resources */ = {isa = PBXBuildFile; fileRef = 67F20C822793505600302D1B /* Icon-App-29x29@2x.png */; };
		67F20C922793505700302D1B /* Icon-App-60x60@3x.png in Resources */ = {isa = PBXBuildFile; fileRef = 67F20C832793505600302D1B /* Icon-App-60x60@3x.png */; };
		67F20C932793505700302D1B /* ItunesArtwork@2x.png in Resources */ = {isa = PBXBuildFile; fileRef = 67F20C842793505600302D1B /* ItunesArtwork@2x.png */; };
		67F20C942793505700302D1B /* Icon-App-20x20@3x.png in Resources */ = {isa = PBXBuildFile; fileRef = 67F20C852793505600302D1B /* Icon-App-20x20@3x.png */; };
		67F20C952793505700302D1B /* Icon-App-40x40@1x.png in Resources */ = {isa = PBXBuildFile; fileRef = 67F20C862793505600302D1B /* Icon-App-40x40@1x.png */; };
		67F20C962793505700302D1B /* Icon-App-76x76@2x.png in Resources */ = {isa = PBXBuildFile; fileRef = 67F20C872793505600302D1B /* Icon-App-76x76@2x.png */; };
		67F20C972793505700302D1B /* Icon-App-40x40@3x.png in Resources */ = {isa = PBXBuildFile; fileRef = 67F20C882793505600302D1B /* Icon-App-40x40@3x.png */; };
		67F20C982793505700302D1B /* Icon-App-83.5x83.5@2x.png in Resources */ = {isa = PBXBuildFile; fileRef = 67F20C892793505600302D1B /* Icon-App-83.5x83.5@2x.png */; };
		67F20C9A2793F0C200302D1B /* FavouritesView.swift in Sources */ = {isa = PBXBuildFile; fileRef = 67F20C992793F0C200302D1B /* FavouritesView.swift */; };
		67F20C9E2793FEB200302D1B /* MovieDetailView.swift in Sources */ = {isa = PBXBuildFile; fileRef = 67F20C9D2793FEB200302D1B /* MovieDetailView.swift */; };
/* End PBXBuildFile section */

/* Begin PBXContainerItemProxy section */
		67F20C442793077D00302D1B /* PBXContainerItemProxy */ = {
			isa = PBXContainerItemProxy;
			containerPortal = 67F20C2B2793077A00302D1B /* Project object */;
			proxyType = 1;
			remoteGlobalIDString = 67F20C322793077A00302D1B;
			remoteInfo = Movie;
		};
		67F20C4E2793077D00302D1B /* PBXContainerItemProxy */ = {
			isa = PBXContainerItemProxy;
			containerPortal = 67F20C2B2793077A00302D1B /* Project object */;
			proxyType = 1;
			remoteGlobalIDString = 67F20C322793077A00302D1B;
			remoteInfo = Movie;
		};
/* End PBXContainerItemProxy section */

/* Begin PBXFileReference section */
		67F20C332793077A00302D1B /* Movie.app */ = {isa = PBXFileReference; explicitFileType = wrapper.application; includeInIndex = 0; path = Movie.app; sourceTree = BUILT_PRODUCTS_DIR; };
		67F20C362793077A00302D1B /* MovieApp.swift */ = {isa = PBXFileReference; lastKnownFileType = sourcecode.swift; path = MovieApp.swift; sourceTree = "<group>"; };
		67F20C382793077A00302D1B /* ContentView.swift */ = {isa = PBXFileReference; lastKnownFileType = sourcecode.swift; path = ContentView.swift; sourceTree = "<group>"; };
		67F20C3A2793077C00302D1B /* Assets.xcassets */ = {isa = PBXFileReference; lastKnownFileType = folder.assetcatalog; path = Assets.xcassets; sourceTree = "<group>"; };
		67F20C3D2793077C00302D1B /* Preview Assets.xcassets */ = {isa = PBXFileReference; lastKnownFileType = folder.assetcatalog; path = "Preview Assets.xcassets"; sourceTree = "<group>"; };
		67F20C432793077D00302D1B /* MovieTests.xctest */ = {isa = PBXFileReference; explicitFileType = wrapper.cfbundle; includeInIndex = 0; path = MovieTests.xctest; sourceTree = BUILT_PRODUCTS_DIR; };
		67F20C472793077D00302D1B /* MovieTests.swift */ = {isa = PBXFileReference; lastKnownFileType = sourcecode.swift; path = MovieTests.swift; sourceTree = "<group>"; };
		67F20C4D2793077D00302D1B /* MovieUITests.xctest */ = {isa = PBXFileReference; explicitFileType = wrapper.cfbundle; includeInIndex = 0; path = MovieUITests.xctest; sourceTree = BUILT_PRODUCTS_DIR; };
		67F20C512793077D00302D1B /* MovieUITests.swift */ = {isa = PBXFileReference; lastKnownFileType = sourcecode.swift; path = MovieUITests.swift; sourceTree = "<group>"; };
		67F20C532793077D00302D1B /* MovieUITestsLaunchTests.swift */ = {isa = PBXFileReference; lastKnownFileType = sourcecode.swift; path = MovieUITestsLaunchTests.swift; sourceTree = "<group>"; };
		67F20C602793091700302D1B /* MovieListView.swift */ = {isa = PBXFileReference; lastKnownFileType = sourcecode.swift; path = MovieListView.swift; sourceTree = "<group>"; };
		67F20C632793098200302D1B /* MovieListViewModel.swift */ = {isa = PBXFileReference; lastKnownFileType = sourcecode.swift; path = MovieListViewModel.swift; sourceTree = "<group>"; };
		67F20C65279309BD00302D1B /* APIRequest.swift */ = {isa = PBXFileReference; lastKnownFileType = sourcecode.swift; path = APIRequest.swift; sourceTree = "<group>"; };
		67F20C67279309CA00302D1B /* Movie.swift */ = {isa = PBXFileReference; lastKnownFileType = sourcecode.swift; path = Movie.swift; sourceTree = "<group>"; };
		67F20C6B27930A1600302D1B /* MovieRow.swift */ = {isa = PBXFileReference; lastKnownFileType = sourcecode.swift; path = MovieRow.swift; sourceTree = "<group>"; };
		67F20C6D27930A2F00302D1B /* MovieItem.swift */ = {isa = PBXFileReference; lastKnownFileType = sourcecode.swift; path = MovieItem.swift; sourceTree = "<group>"; };
		67F20C7B2793505500302D1B /* Icon-App-20x20@1x.png */ = {isa = PBXFileReference; lastKnownFileType = image.png; path = "Icon-App-20x20@1x.png"; sourceTree = "<group>"; };
		67F20C7C2793505500302D1B /* Icon-App-76x76@1x.png */ = {isa = PBXFileReference; lastKnownFileType = image.png; path = "Icon-App-76x76@1x.png"; sourceTree = "<group>"; };
		67F20C7D2793505500302D1B /* Icon-App-29x29@1x.png */ = {isa = PBXFileReference; lastKnownFileType = image.png; path = "Icon-App-29x29@1x.png"; sourceTree = "<group>"; };
		67F20C7E2793505500302D1B /* Icon-App-20x20@2x.png */ = {isa = PBXFileReference; lastKnownFileType = image.png; path = "Icon-App-20x20@2x.png"; sourceTree = "<group>"; };
		67F20C7F2793505500302D1B /* Icon-App-40x40@2x.png */ = {isa = PBXFileReference; lastKnownFileType = image.png; path = "Icon-App-40x40@2x.png"; sourceTree = "<group>"; };
		67F20C802793505600302D1B /* Icon-App-29x29@3x.png */ = {isa = PBXFileReference; lastKnownFileType = image.png; path = "Icon-App-29x29@3x.png"; sourceTree = "<group>"; };
		67F20C812793505600302D1B /* Icon-App-60x60@2x.png */ = {isa = PBXFileReference; lastKnownFileType = image.png; path = "Icon-App-60x60@2x.png"; sourceTree = "<group>"; };
		67F20C822793505600302D1B /* Icon-App-29x29@2x.png */ = {isa = PBXFileReference; lastKnownFileType = image.png; path = "Icon-App-29x29@2x.png"; sourceTree = "<group>"; };
		67F20C832793505600302D1B /* Icon-App-60x60@3x.png */ = {isa = PBXFileReference; lastKnownFileType = image.png; path = "Icon-App-60x60@3x.png"; sourceTree = "<group>"; };
		67F20C842793505600302D1B /* ItunesArtwork@2x.png */ = {isa = PBXFileReference; lastKnownFileType = image.png; path = "ItunesArtwork@2x.png"; sourceTree = "<group>"; };
		67F20C852793505600302D1B /* Icon-App-20x20@3x.png */ = {isa = PBXFileReference; lastKnownFileType = image.png; path = "Icon-App-20x20@3x.png"; sourceTree = "<group>"; };
		67F20C862793505600302D1B /* Icon-App-40x40@1x.png */ = {isa = PBXFileReference; lastKnownFileType = image.png; path = "Icon-App-40x40@1x.png"; sourceTree = "<group>"; };
		67F20C872793505600302D1B /* Icon-App-76x76@2x.png */ = {isa = PBXFileReference; lastKnownFileType = image.png; path = "Icon-App-76x76@2x.png"; sourceTree = "<group>"; };
		67F20C882793505600302D1B /* Icon-App-40x40@3x.png */ = {isa = PBXFileReference; lastKnownFileType = image.png; path = "Icon-App-40x40@3x.png"; sourceTree = "<group>"; };
		67F20C892793505600302D1B /* Icon-App-83.5x83.5@2x.png */ = {isa = PBXFileReference; lastKnownFileType = image.png; path = "Icon-App-83.5x83.5@2x.png"; sourceTree = "<group>"; };
		67F20C992793F0C200302D1B /* FavouritesView.swift */ = {isa = PBXFileReference; lastKnownFileType = sourcecode.swift; path = FavouritesView.swift; sourceTree = "<group>"; };
		67F20C9D2793FEB200302D1B /* MovieDetailView.swift */ = {isa = PBXFileReference; lastKnownFileType = sourcecode.swift; path = MovieDetailView.swift; sourceTree = "<group>"; };
/* End PBXFileReference section */

/* Begin PBXFrameworksBuildPhase section */
		67F20C302793077A00302D1B /* Frameworks */ = {
			isa = PBXFrameworksBuildPhase;
			buildActionMask = 2147483647;
			files = (
			);
			runOnlyForDeploymentPostprocessing = 0;
		};
		67F20C402793077D00302D1B /* Frameworks */ = {
			isa = PBXFrameworksBuildPhase;
			buildActionMask = 2147483647;
			files = (
			);
			runOnlyForDeploymentPostprocessing = 0;
		};
		67F20C4A2793077D00302D1B /* Frameworks */ = {
			isa = PBXFrameworksBuildPhase;
			buildActionMask = 2147483647;
			files = (
			);
			runOnlyForDeploymentPostprocessing = 0;
		};
/* End PBXFrameworksBuildPhase section */

/* Begin PBXGroup section */
		67F20C2A2793077A00302D1B = {
			isa = PBXGroup;
			children = (
				67F20C352793077A00302D1B /* Movie */,
				67F20C462793077D00302D1B /* MovieTests */,
				67F20C502793077D00302D1B /* MovieUITests */,
				67F20C342793077A00302D1B /* Products */,
			);
			sourceTree = "<group>";
		};
		67F20C342793077A00302D1B /* Products */ = {
			isa = PBXGroup;
			children = (
				67F20C332793077A00302D1B /* Movie.app */,
				67F20C432793077D00302D1B /* MovieTests.xctest */,
				67F20C4D2793077D00302D1B /* MovieUITests.xctest */,
			);
			name = Products;
			sourceTree = "<group>";
		};
		67F20C352793077A00302D1B /* Movie */ = {
			isa = PBXGroup;
			children = (
				67F20C362793077A00302D1B /* MovieApp.swift */,
				67F20C632793098200302D1B /* MovieListViewModel.swift */,
				67F20C65279309BD00302D1B /* APIRequest.swift */,
				67F20C67279309CA00302D1B /* Movie.swift */,
				67F20C622793095700302D1B /* View */,
				67F20C792793501A00302D1B /* ArtAssets */,
				67F20C3A2793077C00302D1B /* Assets.xcassets */,
				67F20C3C2793077C00302D1B /* Preview Content */,
			);
			path = Movie;
			sourceTree = "<group>";
		};
		67F20C3C2793077C00302D1B /* Preview Content */ = {
			isa = PBXGroup;
			children = (
				67F20C3D2793077C00302D1B /* Preview Assets.xcassets */,
			);
			path = "Preview Content";
			sourceTree = "<group>";
		};
		67F20C462793077D00302D1B /* MovieTests */ = {
			isa = PBXGroup;
			children = (
				67F20C472793077D00302D1B /* MovieTests.swift */,
			);
			path = MovieTests;
			sourceTree = "<group>";
		};
		67F20C502793077D00302D1B /* MovieUITests */ = {
			isa = PBXGroup;
			children = (
				67F20C512793077D00302D1B /* MovieUITests.swift */,
				67F20C532793077D00302D1B /* MovieUITestsLaunchTests.swift */,
			);
			path = MovieUITests;
			sourceTree = "<group>";
		};
		67F20C622793095700302D1B /* View */ = {
			isa = PBXGroup;
			children = (
				67F20C382793077A00302D1B /* ContentView.swift */,
				67F20C602793091700302D1B /* MovieListView.swift */,
				67F20C6B27930A1600302D1B /* MovieRow.swift */,
				67F20C6D27930A2F00302D1B /* MovieItem.swift */,
				67F20C9D2793FEB200302D1B /* MovieDetailView.swift */,
				67F20C992793F0C200302D1B /* FavouritesView.swift */,
			);
			path = View;
			sourceTree = "<group>";
		};
		67F20C792793501A00302D1B /* ArtAssets */ = {
			isa = PBXGroup;
			children = (
				67F20C7A2793502900302D1B /* AppIcons */,
			);
			path = ArtAssets;
			sourceTree = "<group>";
		};
		67F20C7A2793502900302D1B /* AppIcons */ = {
			isa = PBXGroup;
			children = (
				67F20C7B2793505500302D1B /* Icon-App-20x20@1x.png */,
				67F20C7E2793505500302D1B /* Icon-App-20x20@2x.png */,
				67F20C852793505600302D1B /* Icon-App-20x20@3x.png */,
				67F20C7D2793505500302D1B /* Icon-App-29x29@1x.png */,
				67F20C822793505600302D1B /* Icon-App-29x29@2x.png */,
				67F20C802793505600302D1B /* Icon-App-29x29@3x.png */,
				67F20C862793505600302D1B /* Icon-App-40x40@1x.png */,
				67F20C7F2793505500302D1B /* Icon-App-40x40@2x.png */,
				67F20C882793505600302D1B /* Icon-App-40x40@3x.png */,
				67F20C812793505600302D1B /* Icon-App-60x60@2x.png */,
				67F20C832793505600302D1B /* Icon-App-60x60@3x.png */,
				67F20C7C2793505500302D1B /* Icon-App-76x76@1x.png */,
				67F20C872793505600302D1B /* Icon-App-76x76@2x.png */,
				67F20C892793505600302D1B /* Icon-App-83.5x83.5@2x.png */,
				67F20C842793505600302D1B /* ItunesArtwork@2x.png */,
			);
			path = AppIcons;
			sourceTree = "<group>";
		};
/* End PBXGroup section */

/* Begin PBXNativeTarget section */
		67F20C322793077A00302D1B /* Movie */ = {
			isa = PBXNativeTarget;
			buildConfigurationList = 67F20C572793077D00302D1B /* Build configuration list for PBXNativeTarget "Movie" */;
			buildPhases = (
				67F20C2F2793077A00302D1B /* Sources */,
				67F20C302793077A00302D1B /* Frameworks */,
				67F20C312793077A00302D1B /* Resources */,
			);
			buildRules = (
			);
			dependencies = (
			);
			name = Movie;
			productName = Movie;
			productReference = 67F20C332793077A00302D1B /* Movie.app */;
			productType = "com.apple.product-type.application";
		};
		67F20C422793077D00302D1B /* MovieTests */ = {
			isa = PBXNativeTarget;
			buildConfigurationList = 67F20C5A2793077D00302D1B /* Build configuration list for PBXNativeTarget "MovieTests" */;
			buildPhases = (
				67F20C3F2793077D00302D1B /* Sources */,
				67F20C402793077D00302D1B /* Frameworks */,
				67F20C412793077D00302D1B /* Resources */,
			);
			buildRules = (
			);
			dependencies = (
				67F20C452793077D00302D1B /* PBXTargetDependency */,
			);
			name = MovieTests;
			productName = MovieTests;
			productReference = 67F20C432793077D00302D1B /* MovieTests.xctest */;
			productType = "com.apple.product-type.bundle.unit-test";
		};
		67F20C4C2793077D00302D1B /* MovieUITests */ = {
			isa = PBXNativeTarget;
			buildConfigurationList = 67F20C5D2793077D00302D1B /* Build configuration list for PBXNativeTarget "MovieUITests" */;
			buildPhases = (
				67F20C492793077D00302D1B /* Sources */,
				67F20C4A2793077D00302D1B /* Frameworks */,
				67F20C4B2793077D00302D1B /* Resources */,
			);
			buildRules = (
			);
			dependencies = (
				67F20C4F2793077D00302D1B /* PBXTargetDependency */,
			);
			name = MovieUITests;
			productName = MovieUITests;
			productReference = 67F20C4D2793077D00302D1B /* MovieUITests.xctest */;
			productType = "com.apple.product-type.bundle.ui-testing";
		};
/* End PBXNativeTarget section */

/* Begin PBXProject section */
		67F20C2B2793077A00302D1B /* Project object */ = {
			isa = PBXProject;
			attributes = {
				BuildIndependentTargetsInParallel = 1;
				LastSwiftUpdateCheck = 1300;
				LastUpgradeCheck = 1300;
				TargetAttributes = {
					67F20C322793077A00302D1B = {
						CreatedOnToolsVersion = 13.0;
					};
					67F20C422793077D00302D1B = {
						CreatedOnToolsVersion = 13.0;
						TestTargetID = 67F20C322793077A00302D1B;
					};
					67F20C4C2793077D00302D1B = {
						CreatedOnToolsVersion = 13.0;
						TestTargetID = 67F20C322793077A00302D1B;
					};
				};
			};
			buildConfigurationList = 67F20C2E2793077A00302D1B /* Build configuration list for PBXProject "Movie" */;
			compatibilityVersion = "Xcode 13.0";
			developmentRegion = en;
			hasScannedForEncodings = 0;
			knownRegions = (
				en,
				Base,
			);
			mainGroup = 67F20C2A2793077A00302D1B;
			productRefGroup = 67F20C342793077A00302D1B /* Products */;
			projectDirPath = "";
			projectRoot = "";
			targets = (
				67F20C322793077A00302D1B /* Movie */,
				67F20C422793077D00302D1B /* MovieTests */,
				67F20C4C2793077D00302D1B /* MovieUITests */,
			);
		};
/* End PBXProject section */

/* Begin PBXResourcesBuildPhase section */
		67F20C312793077A00302D1B /* Resources */ = {
			isa = PBXResourcesBuildPhase;
			buildActionMask = 2147483647;
			files = (
				67F20C912793505700302D1B /* Icon-App-29x29@2x.png in Resources */,
				67F20C902793505700302D1B /* Icon-App-60x60@2x.png in Resources */,
				67F20C962793505700302D1B /* Icon-App-76x76@2x.png in Resources */,
				67F20C8C2793505700302D1B /* Icon-App-29x29@1x.png in Resources */,
				67F20C3E2793077C00302D1B /* Preview Assets.xcassets in Resources */,
				67F20C8D2793505700302D1B /* Icon-App-20x20@2x.png in Resources */,
				67F20C922793505700302D1B /* Icon-App-60x60@3x.png in Resources */,
				67F20C972793505700302D1B /* Icon-App-40x40@3x.png in Resources */,
				67F20C8E2793505700302D1B /* Icon-App-40x40@2x.png in Resources */,
				67F20C3B2793077C00302D1B /* Assets.xcassets in Resources */,
				67F20C942793505700302D1B /* Icon-App-20x20@3x.png in Resources */,
				67F20C952793505700302D1B /* Icon-App-40x40@1x.png in Resources */,
				67F20C8F2793505700302D1B /* Icon-App-29x29@3x.png in Resources */,
				67F20C8A2793505700302D1B /* Icon-App-20x20@1x.png in Resources */,
				67F20C982793505700302D1B /* Icon-App-83.5x83.5@2x.png in Resources */,
				67F20C8B2793505700302D1B /* Icon-App-76x76@1x.png in Resources */,
				67F20C932793505700302D1B /* ItunesArtwork@2x.png in Resources */,
			);
			runOnlyForDeploymentPostprocessing = 0;
		};
		67F20C412793077D00302D1B /* Resources */ = {
			isa = PBXResourcesBuildPhase;
			buildActionMask = 2147483647;
			files = (
			);
			runOnlyForDeploymentPostprocessing = 0;
		};
		67F20C4B2793077D00302D1B /* Resources */ = {
			isa = PBXResourcesBuildPhase;
			buildActionMask = 2147483647;
			files = (
			);
			runOnlyForDeploymentPostprocessing = 0;
		};
/* End PBXResourcesBuildPhase section */

/* Begin PBXSourcesBuildPhase section */
		67F20C2F2793077A00302D1B /* Sources */ = {
			isa = PBXSourcesBuildPhase;
			buildActionMask = 2147483647;
			files = (
				67F20C9E2793FEB200302D1B /* MovieDetailView.swift in Sources */,
				67F20C392793077A00302D1B /* ContentView.swift in Sources */,
				67F20C6E27930A2F00302D1B /* MovieItem.swift in Sources */,
				67F20C372793077A00302D1B /* MovieApp.swift in Sources */,
				67F20C68279309CA00302D1B /* Movie.swift in Sources */,
				67F20C612793091700302D1B /* MovieListView.swift in Sources */,
				67F20C6C27930A1600302D1B /* MovieRow.swift in Sources */,
				67F20C66279309BD00302D1B /* APIRequest.swift in Sources */,
				67F20C9A2793F0C200302D1B /* FavouritesView.swift in Sources */,
				67F20C642793098200302D1B /* MovieListViewModel.swift in Sources */,
			);
			runOnlyForDeploymentPostprocessing = 0;
		};
		67F20C3F2793077D00302D1B /* Sources */ = {
			isa = PBXSourcesBuildPhase;
			buildActionMask = 2147483647;
			files = (
				67F20C482793077D00302D1B /* MovieTests.swift in Sources */,
			);
			runOnlyForDeploymentPostprocessing = 0;
		};
		67F20C492793077D00302D1B /* Sources */ = {
			isa = PBXSourcesBuildPhase;
			buildActionMask = 2147483647;
			files = (
				67F20C522793077D00302D1B /* MovieUITests.swift in Sources */,
				67F20C542793077D00302D1B /* MovieUITestsLaunchTests.swift in Sources */,
			);
			runOnlyForDeploymentPostprocessing = 0;
		};
/* End PBXSourcesBuildPhase section */

/* Begin PBXTargetDependency section */
		67F20C452793077D00302D1B /* PBXTargetDependency */ = {
			isa = PBXTargetDependency;
			target = 67F20C322793077A00302D1B /* Movie */;
			targetProxy = 67F20C442793077D00302D1B /* PBXContainerItemProxy */;
		};
		67F20C4F2793077D00302D1B /* PBXTargetDependency */ = {
			isa = PBXTargetDependency;
			target = 67F20C322793077A00302D1B /* Movie */;
			targetProxy = 67F20C4E2793077D00302D1B /* PBXContainerItemProxy */;
		};
/* End PBXTargetDependency section */

/* Begin XCBuildConfiguration section */
		67F20C552793077D00302D1B /* Debug */ = {
			isa = XCBuildConfiguration;
			buildSettings = {
				ALWAYS_SEARCH_USER_PATHS = NO;
				CLANG_ANALYZER_NONNULL = YES;
				CLANG_ANALYZER_NUMBER_OBJECT_CONVERSION = YES_AGGRESSIVE;
				CLANG_CXX_LANGUAGE_STANDARD = "gnu++17";
				CLANG_CXX_LIBRARY = "libc++";
				CLANG_ENABLE_MODULES = YES;
				CLANG_ENABLE_OBJC_ARC = YES;
				CLANG_ENABLE_OBJC_WEAK = YES;
				CLANG_WARN_BLOCK_CAPTURE_AUTORELEASING = YES;
				CLANG_WARN_BOOL_CONVERSION = YES;
				CLANG_WARN_COMMA = YES;
				CLANG_WARN_CONSTANT_CONVERSION = YES;
				CLANG_WARN_DEPRECATED_OBJC_IMPLEMENTATIONS = YES;
				CLANG_WARN_DIRECT_OBJC_ISA_USAGE = YES_ERROR;
				CLANG_WARN_DOCUMENTATION_COMMENTS = YES;
				CLANG_WARN_EMPTY_BODY = YES;
				CLANG_WARN_ENUM_CONVERSION = YES;
				CLANG_WARN_INFINITE_RECURSION = YES;
				CLANG_WARN_INT_CONVERSION = YES;
				CLANG_WARN_NON_LITERAL_NULL_CONVERSION = YES;
				CLANG_WARN_OBJC_IMPLICIT_RETAIN_SELF = YES;
				CLANG_WARN_OBJC_LITERAL_CONVERSION = YES;
				CLANG_WARN_OBJC_ROOT_CLASS = YES_ERROR;
				CLANG_WARN_QUOTED_INCLUDE_IN_FRAMEWORK_HEADER = YES;
				CLANG_WARN_RANGE_LOOP_ANALYSIS = YES;
				CLANG_WARN_STRICT_PROTOTYPES = YES;
				CLANG_WARN_SUSPICIOUS_MOVE = YES;
				CLANG_WARN_UNGUARDED_AVAILABILITY = YES_AGGRESSIVE;
				CLANG_WARN_UNREACHABLE_CODE = YES;
				CLANG_WARN__DUPLICATE_METHOD_MATCH = YES;
				COPY_PHASE_STRIP = NO;
				DEBUG_INFORMATION_FORMAT = dwarf;
				ENABLE_STRICT_OBJC_MSGSEND = YES;
				ENABLE_TESTABILITY = YES;
				GCC_C_LANGUAGE_STANDARD = gnu11;
				GCC_DYNAMIC_NO_PIC = NO;
				GCC_NO_COMMON_BLOCKS = YES;
				GCC_OPTIMIZATION_LEVEL = 0;
				GCC_PREPROCESSOR_DEFINITIONS = (
					"DEBUG=1",
					"$(inherited)",
				);
				GCC_WARN_64_TO_32_BIT_CONVERSION = YES;
				GCC_WARN_ABOUT_RETURN_TYPE = YES_ERROR;
				GCC_WARN_UNDECLARED_SELECTOR = YES;
				GCC_WARN_UNINITIALIZED_AUTOS = YES_AGGRESSIVE;
				GCC_WARN_UNUSED_FUNCTION = YES;
				GCC_WARN_UNUSED_VARIABLE = YES;
				IPHONEOS_DEPLOYMENT_TARGET = 15.0;
				MTL_ENABLE_DEBUG_INFO = INCLUDE_SOURCE;
				MTL_FAST_MATH = YES;
				ONLY_ACTIVE_ARCH = YES;
				SDKROOT = iphoneos;
				SWIFT_ACTIVE_COMPILATION_CONDITIONS = DEBUG;
				SWIFT_OPTIMIZATION_LEVEL = "-Onone";
			};
			name = Debug;
		};
		67F20C562793077D00302D1B /* Release */ = {
			isa = XCBuildConfiguration;
			buildSettings = {
				ALWAYS_SEARCH_USER_PATHS = NO;
				CLANG_ANALYZER_NONNULL = YES;
				CLANG_ANALYZER_NUMBER_OBJECT_CONVERSION = YES_AGGRESSIVE;
				CLANG_CXX_LANGUAGE_STANDARD = "gnu++17";
				CLANG_CXX_LIBRARY = "libc++";
				CLANG_ENABLE_MODULES = YES;
				CLANG_ENABLE_OBJC_ARC = YES;
				CLANG_ENABLE_OBJC_WEAK = YES;
				CLANG_WARN_BLOCK_CAPTURE_AUTORELEASING = YES;
				CLANG_WARN_BOOL_CONVERSION = YES;
				CLANG_WARN_COMMA = YES;
				CLANG_WARN_CONSTANT_CONVERSION = YES;
				CLANG_WARN_DEPRECATED_OBJC_IMPLEMENTATIONS = YES;
				CLANG_WARN_DIRECT_OBJC_ISA_USAGE = YES_ERROR;
				CLANG_WARN_DOCUMENTATION_COMMENTS = YES;
				CLANG_WARN_EMPTY_BODY = YES;
				CLANG_WARN_ENUM_CONVERSION = YES;
				CLANG_WARN_INFINITE_RECURSION = YES;
				CLANG_WARN_INT_CONVERSION = YES;
				CLANG_WARN_NON_LITERAL_NULL_CONVERSION = YES;
				CLANG_WARN_OBJC_IMPLICIT_RETAIN_SELF = YES;
				CLANG_WARN_OBJC_LITERAL_CONVERSION = YES;
				CLANG_WARN_OBJC_ROOT_CLASS = YES_ERROR;
				CLANG_WARN_QUOTED_INCLUDE_IN_FRAMEWORK_HEADER = YES;
				CLANG_WARN_RANGE_LOOP_ANALYSIS = YES;
				CLANG_WARN_STRICT_PROTOTYPES = YES;
				CLANG_WARN_SUSPICIOUS_MOVE = YES;
				CLANG_WARN_UNGUARDED_AVAILABILITY = YES_AGGRESSIVE;
				CLANG_WARN_UNREACHABLE_CODE = YES;
				CLANG_WARN__DUPLICATE_METHOD_MATCH = YES;
				COPY_PHASE_STRIP = NO;
				DEBUG_INFORMATION_FORMAT = "dwarf-with-dsym";
				ENABLE_NS_ASSERTIONS = NO;
				ENABLE_STRICT_OBJC_MSGSEND = YES;
				GCC_C_LANGUAGE_STANDARD = gnu11;
				GCC_NO_COMMON_BLOCKS = YES;
				GCC_WARN_64_TO_32_BIT_CONVERSION = YES;
				GCC_WARN_ABOUT_RETURN_TYPE = YES_ERROR;
				GCC_WARN_UNDECLARED_SELECTOR = YES;
				GCC_WARN_UNINITIALIZED_AUTOS = YES_AGGRESSIVE;
				GCC_WARN_UNUSED_FUNCTION = YES;
				GCC_WARN_UNUSED_VARIABLE = YES;
				IPHONEOS_DEPLOYMENT_TARGET = 15.0;
				MTL_ENABLE_DEBUG_INFO = NO;
				MTL_FAST_MATH = YES;
				SDKROOT = iphoneos;
				SWIFT_COMPILATION_MODE = wholemodule;
				SWIFT_OPTIMIZATION_LEVEL = "-O";
				VALIDATE_PRODUCT = YES;
			};
			name = Release;
		};
		67F20C582793077D00302D1B /* Debug */ = {
			isa = XCBuildConfiguration;
			buildSettings = {
				ASSETCATALOG_COMPILER_APPICON_NAME = AppIcon;
				ASSETCATALOG_COMPILER_GLOBAL_ACCENT_COLOR_NAME = AccentColor;
				CODE_SIGN_STYLE = Automatic;
				CURRENT_PROJECT_VERSION = 1;
				DEVELOPMENT_ASSET_PATHS = "\"Movie/Preview Content\"";
				DEVELOPMENT_TEAM = R5SCCR5HHT;
				ENABLE_PREVIEWS = YES;
				GENERATE_INFOPLIST_FILE = YES;
				INFOPLIST_KEY_UIApplicationSceneManifest_Generation = YES;
				INFOPLIST_KEY_UIApplicationSupportsIndirectInputEvents = YES;
				INFOPLIST_KEY_UILaunchScreen_Generation = YES;
				INFOPLIST_KEY_UISupportedInterfaceOrientations_iPad = "UIInterfaceOrientationPortrait UIInterfaceOrientationPortraitUpsideDown UIInterfaceOrientationLandscapeLeft UIInterfaceOrientationLandscapeRight";
				INFOPLIST_KEY_UISupportedInterfaceOrientations_iPhone = "UIInterfaceOrientationPortrait UIInterfaceOrientationLandscapeLeft UIInterfaceOrientationLandscapeRight";
				IPHONEOS_DEPLOYMENT_TARGET = 15.0;
				LD_RUNPATH_SEARCH_PATHS = (
					"$(inherited)",
					"@executable_path/Frameworks",
				);
				MARKETING_VERSION = 1.0;
				PRODUCT_BUNDLE_IDENTIFIER = com.gracel.Movie;
				PRODUCT_NAME = "$(TARGET_NAME)";
				SWIFT_EMIT_LOC_STRINGS = YES;
				SWIFT_VERSION = 5.0;
				TARGETED_DEVICE_FAMILY = "1,2";
			};
			name = Debug;
		};
		67F20C592793077D00302D1B /* Release */ = {
			isa = XCBuildConfiguration;
			buildSettings = {
				ASSETCATALOG_COMPILER_APPICON_NAME = AppIcon;
				ASSETCATALOG_COMPILER_GLOBAL_ACCENT_COLOR_NAME = AccentColor;
				CODE_SIGN_STYLE = Automatic;
				CURRENT_PROJECT_VERSION = 1;
				DEVELOPMENT_ASSET_PATHS = "\"Movie/Preview Content\"";
				DEVELOPMENT_TEAM = R5SCCR5HHT;
				ENABLE_PREVIEWS = YES;
				GENERATE_INFOPLIST_FILE = YES;
				INFOPLIST_KEY_UIApplicationSceneManifest_Generation = YES;
				INFOPLIST_KEY_UIApplicationSupportsIndirectInputEvents = YES;
				INFOPLIST_KEY_UILaunchScreen_Generation = YES;
				INFOPLIST_KEY_UISupportedInterfaceOrientations_iPad = "UIInterfaceOrientationPortrait UIInterfaceOrientationPortraitUpsideDown UIInterfaceOrientationLandscapeLeft UIInterfaceOrientationLandscapeRight";
				INFOPLIST_KEY_UISupportedInterfaceOrientations_iPhone = "UIInterfaceOrientationPortrait UIInterfaceOrientationLandscapeLeft UIInterfaceOrientationLandscapeRight";
				IPHONEOS_DEPLOYMENT_TARGET = 15.0;
				LD_RUNPATH_SEARCH_PATHS = (
					"$(inherited)",
					"@executable_path/Frameworks",
				);
				MARKETING_VERSION = 1.0;
				PRODUCT_BUNDLE_IDENTIFIER = com.gracel.Movie;
				PRODUCT_NAME = "$(TARGET_NAME)";
				SWIFT_EMIT_LOC_STRINGS = YES;
				SWIFT_VERSION = 5.0;
				TARGETED_DEVICE_FAMILY = "1,2";
			};
			name = Release;
		};
		67F20C5B2793077D00302D1B /* Debug */ = {
			isa = XCBuildConfiguration;
			buildSettings = {
				ALWAYS_EMBED_SWIFT_STANDARD_LIBRARIES = YES;
				BUNDLE_LOADER = "$(TEST_HOST)";
				CODE_SIGN_STYLE = Automatic;
				CURRENT_PROJECT_VERSION = 1;
				DEVELOPMENT_TEAM = R5SCCR5HHT;
				GENERATE_INFOPLIST_FILE = YES;
				IPHONEOS_DEPLOYMENT_TARGET = 15.0;
				LD_RUNPATH_SEARCH_PATHS = (
					"$(inherited)",
					"@executable_path/Frameworks",
					"@loader_path/Frameworks",
				);
				MARKETING_VERSION = 1.0;
				PRODUCT_BUNDLE_IDENTIFIER = com.gracel.MovieTests;
				PRODUCT_NAME = "$(TARGET_NAME)";
				SWIFT_EMIT_LOC_STRINGS = NO;
				SWIFT_VERSION = 5.0;
				TARGETED_DEVICE_FAMILY = "1,2";
				TEST_HOST = "$(BUILT_PRODUCTS_DIR)/Movie.app/Movie";
			};
			name = Debug;
		};
		67F20C5C2793077D00302D1B /* Release */ = {
			isa = XCBuildConfiguration;
			buildSettings = {
				ALWAYS_EMBED_SWIFT_STANDARD_LIBRARIES = YES;
				BUNDLE_LOADER = "$(TEST_HOST)";
				CODE_SIGN_STYLE = Automatic;
				CURRENT_PROJECT_VERSION = 1;
				DEVELOPMENT_TEAM = R5SCCR5HHT;
				GENERATE_INFOPLIST_FILE = YES;
				IPHONEOS_DEPLOYMENT_TARGET = 15.0;
				LD_RUNPATH_SEARCH_PATHS = (
					"$(inherited)",
					"@executable_path/Frameworks",
					"@loader_path/Frameworks",
				);
				MARKETING_VERSION = 1.0;
				PRODUCT_BUNDLE_IDENTIFIER = com.gracel.MovieTests;
				PRODUCT_NAME = "$(TARGET_NAME)";
				SWIFT_EMIT_LOC_STRINGS = NO;
				SWIFT_VERSION = 5.0;
				TARGETED_DEVICE_FAMILY = "1,2";
				TEST_HOST = "$(BUILT_PRODUCTS_DIR)/Movie.app/Movie";
			};
			name = Release;
		};
		67F20C5E2793077D00302D1B /* Debug */ = {
			isa = XCBuildConfiguration;
			buildSettings = {
				ALWAYS_EMBED_SWIFT_STANDARD_LIBRARIES = YES;
				CODE_SIGN_STYLE = Automatic;
				CURRENT_PROJECT_VERSION = 1;
				DEVELOPMENT_TEAM = R5SCCR5HHT;
				GENERATE_INFOPLIST_FILE = YES;
				LD_RUNPATH_SEARCH_PATHS = (
					"$(inherited)",
					"@executable_path/Frameworks",
					"@loader_path/Frameworks",
				);
				MARKETING_VERSION = 1.0;
				PRODUCT_BUNDLE_IDENTIFIER = com.gracel.MovieUITests;
				PRODUCT_NAME = "$(TARGET_NAME)";
				SWIFT_EMIT_LOC_STRINGS = NO;
				SWIFT_VERSION = 5.0;
				TARGETED_DEVICE_FAMILY = "1,2";
				TEST_TARGET_NAME = Movie;
			};
			name = Debug;
		};
		67F20C5F2793077D00302D1B /* Release */ = {
			isa = XCBuildConfiguration;
			buildSettings = {
				ALWAYS_EMBED_SWIFT_STANDARD_LIBRARIES = YES;
				CODE_SIGN_STYLE = Automatic;
				CURRENT_PROJECT_VERSION = 1;
				DEVELOPMENT_TEAM = R5SCCR5HHT;
				GENERATE_INFOPLIST_FILE = YES;
				LD_RUNPATH_SEARCH_PATHS = (
					"$(inherited)",
					"@executable_path/Frameworks",
					"@loader_path/Frameworks",
				);
				MARKETING_VERSION = 1.0;
				PRODUCT_BUNDLE_IDENTIFIER = com.gracel.MovieUITests;
				PRODUCT_NAME = "$(TARGET_NAME)";
				SWIFT_EMIT_LOC_STRINGS = NO;
				SWIFT_VERSION = 5.0;
				TARGETED_DEVICE_FAMILY = "1,2";
				TEST_TARGET_NAME = Movie;
			};
			name = Release;
		};
/* End XCBuildConfiguration section */

/* Begin XCConfigurationList section */
		67F20C2E2793077A00302D1B /* Build configuration list for PBXProject "Movie" */ = {
			isa = XCConfigurationList;
			buildConfigurations = (
				67F20C552793077D00302D1B /* Debug */,
				67F20C562793077D00302D1B /* Release */,
			);
			defaultConfigurationIsVisible = 0;
			defaultConfigurationName = Release;
		};
		67F20C572793077D00302D1B /* Build configuration list for PBXNativeTarget "Movie" */ = {
			isa = XCConfigurationList;
			buildConfigurations = (
				67F20C582793077D00302D1B /* Debug */,
				67F20C592793077D00302D1B /* Release */,
			);
			defaultConfigurationIsVisible = 0;
			defaultConfigurationName = Release;
		};
		67F20C5A2793077D00302D1B /* Build configuration list for PBXNativeTarget "MovieTests" */ = {
			isa = XCConfigurationList;
			buildConfigurations = (
				67F20C5B2793077D00302D1B /* Debug */,
				67F20C5C2793077D00302D1B /* Release */,
			);
			defaultConfigurationIsVisible = 0;
			defaultConfigurationName = Release;
		};
		67F20C5D2793077D00302D1B /* Build configuration list for PBXNativeTarget "MovieUITests" */ = {
			isa = XCConfigurationList;
			buildConfigurations = (
				67F20C5E2793077D00302D1B /* Debug */,
				67F20C5F2793077D00302D1B /* Release */,
			);
			defaultConfigurationIsVisible = 0;
			defaultConfigurationName = Release;
		};
/* End XCConfigurationList section */
	};
	rootObject = 67F20C2B2793077A00302D1B /* Project object */;
}
